# THIS IS AN AUTOGENERATED FILE. DO NOT EDIT THIS FILE DIRECTLY.
# yarn lockfile v1


"@throw-out-error/store-cockpit-cms@^1.0.2":
  version "1.0.2"
  resolved "https://registry.yarnpkg.com/@throw-out-error/store-cockpit-cms/-/store-cockpit-cms-1.0.2.tgz#9a065a2e1309afd4a9ac5cccde734a99621fceda"
  integrity sha512-2x0XS5+O9TBLOEwuiJ1RkvB3p0DYMnGwC9k6hP2qdch9maxWrqOMSNM4/yOk98iJYuPZFgGnXkWwYknHBTQVgQ==
  dependencies:
    "@throw-out-error/storez" "1.0.2"
    axios "^0.20.0"

"@throw-out-error/storez@1.0.2", "@throw-out-error/storez@^1.0.2":
  version "1.0.2"
  resolved "https://registry.yarnpkg.com/@throw-out-error/storez/-/storez-1.0.2.tgz#e935e2e8a0956680498c609b9741ae5ea695d1f8"
  integrity sha512-fd5KNrqR2UYw+D3tkawjfOC/kobqCGyjbEJNsBc5+5HJVFZznTgmt3+k4JsQEDvj24AyOkSIvmZ68NlNdHYlmw==
  dependencies:
    json-buffer "3.0.1"
    safe-filter "^1.0.5"
    typescript "^4.0.2"

axios@^0.20.0:
  version "0.20.0"
  resolved "https://registry.yarnpkg.com/axios/-/axios-0.20.0.tgz#057ba30f04884694993a8cd07fa394cff11c50bd"
  integrity sha512-ANA4rr2BDcmmAQLOKft2fufrtuvlqR+cXNNinUmvfeSNCOF98PZL+7M/v1zIdGo7OLjEA9J2gXJL+j4zGsl0bA==
  dependencies:
    follow-redirects "^1.10.0"

follow-redirects@^1.10.0:
  version "1.13.0"
  resolved "https://registry.yarnpkg.com/follow-redirects/-/follow-redirects-1.13.0.tgz#b42e8d93a2a7eea5ed88633676d6597bc8e384db"
  integrity sha512-aq6gF1BEKje4a9i9+5jimNFIpq4Q1WiwBToeRK5NvZBd/TRsmW8BsJfOEGkr76TbOyPVD3OVDN910EcUNtRYEA==

json-buffer@3.0.1:
  version "3.0.1"
  resolved "https://registry.yarnpkg.com/json-buffer/-/json-buffer-3.0.1.tgz#9338802a30d3b6605fbe0613e094008ca8c05a13"
  integrity sha512-4bV5BfR2mqfQTJm+V5tPPdf+ZpuhiIvTuAB5g8kcrXOZpTT/QwwVRWBywX1ozr6lEuPdbHxwaJlm9G6mI2sfSQ==

rxjs@^6.6.3:
  version "6.6.3"
  resolved "https://registry.yarnpkg.com/rxjs/-/rxjs-6.6.3.tgz#8ca84635c4daa900c0d3967a6ee7ac60271ee552"
  integrity sha512-trsQc+xYYXZ3urjOiJOuCOa5N3jAZ3eiSpQB5hIT8zGlL2QfnHLJ2r7GMkBGuIausdJN1OneaI6gQlsqNHHmZQ==
  dependencies:
    tslib "^1.9.0"

safe-filter@^1.0.5:
  version "1.0.5"
  resolved "https://registry.yarnpkg.com/safe-filter/-/safe-filter-1.0.5.tgz#61b417f214ad033ba1e39ab43d3b7bfe9b39717c"
  integrity sha512-DpqPJpq/Ir6P9XN3RDmk45QvHlebLW5xbocBDFT83rWHNFzvYmNyrf9kAylY6UzTXm7xhRwS4rEgpd/jYGMUGA==

tslib@^1.9.0:
  version "1.13.0"
  resolved "https://registry.yarnpkg.com/tslib/-/tslib-1.13.0.tgz#c881e13cc7015894ed914862d276436fa9a47043"
  integrity sha512-i/6DQjL8Xf3be4K/E6Wgpekn5Qasl1usyw++dAA35Ue5orEn65VIxOA+YvNNl9HV3qv70T7CNwjODHZrLwvd1Q==

typescript@^4.0.2:
  version "4.0.2"
  resolved "https://registry.yarnpkg.com/typescript/-/typescript-4.0.2.tgz#7ea7c88777c723c681e33bf7988be5d008d05ac2"
  integrity sha512-e4ERvRV2wb+rRZ/IQeb3jm2VxBsirQLpQhdxplZ2MEzGvDkkMmPglecnNDfSUBivMjP93vRbngYYDQqQ/78bcQ==
